{
  "requires": true,
  "lockfileVersion": 1,
  "dependencies": {
    "rxjs-compat": {
      "version": "6.6.3",
      "resolved": "https://registry.npmjs.org/rxjs-compat/-/rxjs-compat-6.6.3.tgz",
      "integrity": "sha512-y+wUqq7bS2dG+7rH2fNMoxsDiJ32RQzFxZQE/JdtpnmEZmwLQrb1tCiItyHxdXJHXjmHnnzFscn3b6PEmORGKw=="
    }
  }
}
