
Microsoft Visual Studio Solution File, Format Version 12.00
# Visual Studio Version 16
VisualStudioVersion = 16.0.30711.63
MinimumVisualStudioVersion = 10.0.40219.1
Project("{9A19103F-16F7-4668-BE54-9A1E7A4F7556}") = "Testnexos", "Testnexos.csproj", "{286701DD-4209-4B87-9708-3402E1BF0B81}"
EndProject
Project("{9A19103F-16F7-4668-BE54-9A1E7A4F7556}") = "DataLayer", "..\DataLayer\DataLayer.csproj", "{7CFFCC60-11AD-4C6C-ADFF-7638F4160876}"
EndProject
Global
	GlobalSection(SolutionConfigurationPlatforms) = preSolution
		Debug|Any CPU = Debug|Any CPU
		Release|Any CPU = Release|Any CPU
	EndGlobalSection
	GlobalSection(ProjectConfigurationPlatforms) = postSolution
		{286701DD-4209-4B87-9708-3402E1BF0B81}.Debug|Any CPU.ActiveCfg = Debug|Any CPU
		{286701DD-4209-4B87-9708-3402E1BF0B81}.Debug|Any CPU.Build.0 = Debug|Any CPU
		{286701DD-4209-4B87-9708-3402E1BF0B81}.Release|Any CPU.ActiveCfg = Release|Any CPU
		{286701DD-4209-4B87-9708-3402E1BF0B81}.Release|Any CPU.Build.0 = Release|Any CPU
		{7CFFCC60-11AD-4C6C-ADFF-7638F4160876}.Debug|Any CPU.ActiveCfg = Debug|Any CPU
		{7CFFCC60-11AD-4C6C-ADFF-7638F4160876}.Debug|Any CPU.Build.0 = Debug|Any CPU
		{7CFFCC60-11AD-4C6C-ADFF-7638F4160876}.Release|Any CPU.ActiveCfg = Release|Any CPU
		{7CFFCC60-11AD-4C6C-ADFF-7638F4160876}.Release|Any CPU.Build.0 = Release|Any CPU
	EndGlobalSection
	GlobalSection(SolutionProperties) = preSolution
		HideSolutionNode = FALSE
	EndGlobalSection
	GlobalSection(ExtensibilityGlobals) = postSolution
		SolutionGuid = {C74C2F79-7390-4841-A2A2-D40525EE3FB0}
	EndGlobalSection
EndGlobal
